
Microsoft Visual Studio Solution File, Format Version 12.00
# Visual Studio Version 17
VisualStudioVersion = 17.13.35818.85 d17.13
MinimumVisualStudioVersion = 10.0.40219.1
Project("{FAE04EC0-301F-11D3-BF4B-00C04F79EFBC}") = "CafeOtomasyonu", "CafeOtomasyonu\CafeOtomasyonu.csproj", "{20284184-DC90-444C-8199-202FE658358B}"
EndProject
Global
	GlobalSection(SolutionConfigurationPlatforms) = preSolution
		Debug|Any CPU = Debug|Any CPU
		Release|Any CPU = Release|Any CPU
	EndGlobalSection
	GlobalSection(ProjectConfigurationPlatforms) = postSolution
		{20284184-DC90-444C-8199-202FE658358B}.Debug|Any CPU.ActiveCfg = Debug|Any CPU
		{20284184-DC90-444C-8199-202FE658358B}.Debug|Any CPU.Build.0 = Debug|Any CPU
		{20284184-DC90-444C-8199-202FE658358B}.Release|Any CPU.ActiveCfg = Release|Any CPU
		{20284184-DC90-444C-8199-202FE658358B}.Release|Any CPU.Build.0 = Release|Any CPU
	EndGlobalSection
	GlobalSection(SolutionProperties) = preSolution
		HideSolutionNode = FALSE
	EndGlobalSection
	GlobalSection(ExtensibilityGlobals) = postSolution
		SolutionGuid = {5F6EBE53-36F2-49CF-8A06-CC2D86FB1377}
	EndGlobalSection
EndGlobal
